# This file is generated by running "yarn install" inside your project.
# Manual changes might be lost - proceed with caution!

__metadata:
  version: 8
  cacheKey: 10c0

"binaryen@npm:^124.0.0":
  version: 124.0.0
  resolution: "binaryen@npm:124.0.0"
  bin:
    wasm-as: bin/wasm-as
    wasm-ctor-eval: bin/wasm-ctor-eval
    wasm-dis: bin/wasm-dis
    wasm-merge: bin/wasm-merge
    wasm-metadce: bin/wasm-metadce
    wasm-opt: bin/wasm-opt
    wasm-reduce: bin/wasm-reduce
    wasm-shell: bin/wasm-shell
    wasm2js: bin/wasm2js
  checksum: 10c0/c8137c1af40d20fcdd589eb32498dbe043f7b268908b93ab6f4c20d76ee6ad0d27681f76151ebe6952c5a0c145deb284729b064b3ec2315c5ecce2a557b8620e
  languageName: node
  linkType: hard

"tonytools-rs@workspace:.":
  version: 0.0.0-use.local
  resolution: "tonytools-rs@workspace:."
  dependencies:
    binaryen: "npm:^124.0.0"
  languageName: unknown
  linkType: soft
